github.com/ajstarks/svgo v0.0.0-20180226025133-644b8db467af h1:wVe6/Ea46ZMeNkQjjBW6xcqyQA/j5e0D6GytH95g0gQ=
github.com/ajstarks/svgo v0.0.0-20180226025133-644b8db467af/go.mod h1:K08gAheRH3/J6wwsYMMT4xOr94bZjxIelGM0+d/wbFw=
github.com/taironas/route v0.0.0-20150312082541-b919c49c73f1 h1:VkTeyFDh+dDAc4NwMM63zyil/D+OQWOKjUnwKb4O0kE=
github.com/taironas/route v0.0.0-20150312082541-b919c49c73f1/go.mod h1:8Uz3zRiQWmhRuO4YjcaL8udNlmDt5y70KU3Kgcf8vS0=
